
Microsoft Visual Studio Solution File, Format Version 12.00
# Visual Studio Version 16
VisualStudioVersion = 16.0.31019.35
MinimumVisualStudioVersion = 10.0.40219.1
Project("{FAE04EC0-301F-11D3-BF4B-00C04F79EFBC}") = "OSROH", "OSROH.csproj", "{DBBEDE35-AEF6-4577-B6FD-1557B290BA9A}"
EndProject
Global
	GlobalSection(SolutionConfigurationPlatforms) = preSolution
		Debug|Any CPU = Debug|Any CPU
		Release|Any CPU = Release|Any CPU
	EndGlobalSection
	GlobalSection(ProjectConfigurationPlatforms) = postSolution
		{DBBEDE35-AEF6-4577-B6FD-1557B290BA9A}.Debug|Any CPU.ActiveCfg = Debug|Any CPU
		{DBBEDE35-AEF6-4577-B6FD-1557B290BA9A}.Debug|Any CPU.Build.0 = Debug|Any CPU
		{DBBEDE35-AEF6-4577-B6FD-1557B290BA9A}.Release|Any CPU.ActiveCfg = Release|Any CPU
		{DBBEDE35-AEF6-4577-B6FD-1557B290BA9A}.Release|Any CPU.Build.0 = Release|Any CPU
	EndGlobalSection
	GlobalSection(SolutionProperties) = preSolution
		HideSolutionNode = FALSE
	EndGlobalSection
	GlobalSection(ExtensibilityGlobals) = postSolution
		SolutionGuid = {31082C54-2408-43C5-9CDF-FDCFC114DAB8}
	EndGlobalSection
EndGlobal
